
Microsoft Visual Studio Solution File, Format Version 12.00
# Visual Studio Version 17
VisualStudioVersion = 17.0.31903.59
MinimumVisualStudioVersion = 10.0.40219.1
Project("{2150E333-8FDC-42A3-9474-1A3956D46DE8}") = "src", "src", "{827E0CD3-B72D-47B6-A68D-7590B98EB39B}"
EndProject
Project("{FAE04EC0-301F-11D3-BF4B-00C04F79EFBC}") = "OrderService.API", "src\OrderService.API\OrderService.API.csproj", "{72D6BD87-F2E5-4673-A06A-31BC54947EF8}"
EndProject
Project("{FAE04EC0-301F-11D3-BF4B-00C04F79EFBC}") = "OrderService.Application", "src\OrderService.Application\OrderService.Application.csproj", "{AE8DEDA8-130C-4739-8294-8B80B33B08E9}"
EndProject
Project("{FAE04EC0-301F-11D3-BF4B-00C04F79EFBC}") = "OrderService.Domain", "src\OrderService.Domain\OrderService.Domain.csproj", "{05EED4AF-D6C0-4C32-B2A5-9C1CBBEEFCCF}"
EndProject
Project("{FAE04EC0-301F-11D3-BF4B-00C04F79EFBC}") = "OrderService.Infrastructure", "src\OrderService.Infrastructure\OrderService.Infrastructure.csproj", "{5AB6B2F4-D6FB-4C42-9AF8-F63EBE96F86B}"
EndProject
Global
	GlobalSection(SolutionConfigurationPlatforms) = preSolution
		Debug|Any CPU = Debug|Any CPU
		Debug|x64 = Debug|x64
		Debug|x86 = Debug|x86
		Release|Any CPU = Release|Any CPU
		Release|x64 = Release|x64
		Release|x86 = Release|x86
	EndGlobalSection
	GlobalSection(ProjectConfigurationPlatforms) = postSolution
		{72D6BD87-F2E5-4673-A06A-31BC54947EF8}.Debug|Any CPU.ActiveCfg = Debug|Any CPU
		{72D6BD87-F2E5-4673-A06A-31BC54947EF8}.Debug|Any CPU.Build.0 = Debug|Any CPU
		{72D6BD87-F2E5-4673-A06A-31BC54947EF8}.Debug|x64.ActiveCfg = Debug|Any CPU
		{72D6BD87-F2E5-4673-A06A-31BC54947EF8}.Debug|x64.Build.0 = Debug|Any CPU
		{72D6BD87-F2E5-4673-A06A-31BC54947EF8}.Debug|x86.ActiveCfg = Debug|Any CPU
		{72D6BD87-F2E5-4673-A06A-31BC54947EF8}.Debug|x86.Build.0 = Debug|Any CPU
		{72D6BD87-F2E5-4673-A06A-31BC54947EF8}.Release|Any CPU.ActiveCfg = Release|Any CPU
		{72D6BD87-F2E5-4673-A06A-31BC54947EF8}.Release|Any CPU.Build.0 = Release|Any CPU
		{72D6BD87-F2E5-4673-A06A-31BC54947EF8}.Release|x64.ActiveCfg = Release|Any CPU
		{72D6BD87-F2E5-4673-A06A-31BC54947EF8}.Release|x64.Build.0 = Release|Any CPU
		{72D6BD87-F2E5-4673-A06A-31BC54947EF8}.Release|x86.ActiveCfg = Release|Any CPU
		{72D6BD87-F2E5-4673-A06A-31BC54947EF8}.Release|x86.Build.0 = Release|Any CPU
		{AE8DEDA8-130C-4739-8294-8B80B33B08E9}.Debug|Any CPU.ActiveCfg = Debug|Any CPU
		{AE8DEDA8-130C-4739-8294-8B80B33B08E9}.Debug|Any CPU.Build.0 = Debug|Any CPU
		{AE8DEDA8-130C-4739-8294-8B80B33B08E9}.Debug|x64.ActiveCfg = Debug|Any CPU
		{AE8DEDA8-130C-4739-8294-8B80B33B08E9}.Debug|x64.Build.0 = Debug|Any CPU
		{AE8DEDA8-130C-4739-8294-8B80B33B08E9}.Debug|x86.ActiveCfg = Debug|Any CPU
		{AE8DEDA8-130C-4739-8294-8B80B33B08E9}.Debug|x86.Build.0 = Debug|Any CPU
		{AE8DEDA8-130C-4739-8294-8B80B33B08E9}.Release|Any CPU.ActiveCfg = Release|Any CPU
		{AE8DEDA8-130C-4739-8294-8B80B33B08E9}.Release|Any CPU.Build.0 = Release|Any CPU
		{AE8DEDA8-130C-4739-8294-8B80B33B08E9}.Release|x64.ActiveCfg = Release|Any CPU
		{AE8DEDA8-130C-4739-8294-8B80B33B08E9}.Release|x64.Build.0 = Release|Any CPU
		{AE8DEDA8-130C-4739-8294-8B80B33B08E9}.Release|x86.ActiveCfg = Release|Any CPU
		{AE8DEDA8-130C-4739-8294-8B80B33B08E9}.Release|x86.Build.0 = Release|Any CPU
		{05EED4AF-D6C0-4C32-B2A5-9C1CBBEEFCCF}.Debug|Any CPU.ActiveCfg = Debug|Any CPU
		{05EED4AF-D6C0-4C32-B2A5-9C1CBBEEFCCF}.Debug|Any CPU.Build.0 = Debug|Any CPU
		{05EED4AF-D6C0-4C32-B2A5-9C1CBBEEFCCF}.Debug|x64.ActiveCfg = Debug|Any CPU
		{05EED4AF-D6C0-4C32-B2A5-9C1CBBEEFCCF}.Debug|x64.Build.0 = Debug|Any CPU
		{05EED4AF-D6C0-4C32-B2A5-9C1CBBEEFCCF}.Debug|x86.ActiveCfg = Debug|Any CPU
		{05EED4AF-D6C0-4C32-B2A5-9C1CBBEEFCCF}.Debug|x86.Build.0 = Debug|Any CPU
		{05EED4AF-D6C0-4C32-B2A5-9C1CBBEEFCCF}.Release|Any CPU.ActiveCfg = Release|Any CPU
		{05EED4AF-D6C0-4C32-B2A5-9C1CBBEEFCCF}.Release|Any CPU.Build.0 = Release|Any CPU
		{05EED4AF-D6C0-4C32-B2A5-9C1CBBEEFCCF}.Release|x64.ActiveCfg = Release|Any CPU
		{05EED4AF-D6C0-4C32-B2A5-9C1CBBEEFCCF}.Release|x64.Build.0 = Release|Any CPU
		{05EED4AF-D6C0-4C32-B2A5-9C1CBBEEFCCF}.Release|x86.ActiveCfg = Release|Any CPU
		{05EED4AF-D6C0-4C32-B2A5-9C1CBBEEFCCF}.Release|x86.Build.0 = Release|Any CPU
		{5AB6B2F4-D6FB-4C42-9AF8-F63EBE96F86B}.Debug|Any CPU.ActiveCfg = Debug|Any CPU
		{5AB6B2F4-D6FB-4C42-9AF8-F63EBE96F86B}.Debug|Any CPU.Build.0 = Debug|Any CPU
		{5AB6B2F4-D6FB-4C42-9AF8-F63EBE96F86B}.Debug|x64.ActiveCfg = Debug|Any CPU
		{5AB6B2F4-D6FB-4C42-9AF8-F63EBE96F86B}.Debug|x64.Build.0 = Debug|Any CPU
		{5AB6B2F4-D6FB-4C42-9AF8-F63EBE96F86B}.Debug|x86.ActiveCfg = Debug|Any CPU
		{5AB6B2F4-D6FB-4C42-9AF8-F63EBE96F86B}.Debug|x86.Build.0 = Debug|Any CPU
		{5AB6B2F4-D6FB-4C42-9AF8-F63EBE96F86B}.Release|Any CPU.ActiveCfg = Release|Any CPU
		{5AB6B2F4-D6FB-4C42-9AF8-F63EBE96F86B}.Release|Any CPU.Build.0 = Release|Any CPU
		{5AB6B2F4-D6FB-4C42-9AF8-F63EBE96F86B}.Release|x64.ActiveCfg = Release|Any CPU
		{5AB6B2F4-D6FB-4C42-9AF8-F63EBE96F86B}.Release|x64.Build.0 = Release|Any CPU
		{5AB6B2F4-D6FB-4C42-9AF8-F63EBE96F86B}.Release|x86.ActiveCfg = Release|Any CPU
		{5AB6B2F4-D6FB-4C42-9AF8-F63EBE96F86B}.Release|x86.Build.0 = Release|Any CPU
	EndGlobalSection
	GlobalSection(SolutionProperties) = preSolution
		HideSolutionNode = FALSE
	EndGlobalSection
	GlobalSection(NestedProjects) = preSolution
		{72D6BD87-F2E5-4673-A06A-31BC54947EF8} = {827E0CD3-B72D-47B6-A68D-7590B98EB39B}
		{AE8DEDA8-130C-4739-8294-8B80B33B08E9} = {827E0CD3-B72D-47B6-A68D-7590B98EB39B}
		{05EED4AF-D6C0-4C32-B2A5-9C1CBBEEFCCF} = {827E0CD3-B72D-47B6-A68D-7590B98EB39B}
		{5AB6B2F4-D6FB-4C42-9AF8-F63EBE96F86B} = {827E0CD3-B72D-47B6-A68D-7590B98EB39B}
	EndGlobalSection
EndGlobal
